
Microsoft Visual Studio Solution File, Format Version 12.00
# Visual Studio Version 17
VisualStudioVersion = 17.8.34601.278
MinimumVisualStudioVersion = 10.0.40219.1
Project("{9A19103F-16F7-4668-BE54-9A1E7A4F7556}") = "地動説と天動説", "地動説と天動説\地動説と天動説.csproj", "{92CF25D2-371A-48FE-9475-CD239B3D3CEF}"
EndProject
Project("{2150E333-8FDC-42A3-9474-1A3956D46DE8}") = "ソリューション項目", "ソリューション項目", "{841508F0-8C05-4B5E-A024-66489085C14F}"
	ProjectSection(SolutionItems) = preProject
		LICENSE.md = LICENSE.md
		README.md = README.md
	EndProjectSection
EndProject
Global
	GlobalSection(SolutionConfigurationPlatforms) = preSolution
		Debug|Any CPU = Debug|Any CPU
		Release|Any CPU = Release|Any CPU
	EndGlobalSection
	GlobalSection(ProjectConfigurationPlatforms) = postSolution
		{92CF25D2-371A-48FE-9475-CD239B3D3CEF}.Debug|Any CPU.ActiveCfg = Debug|Any CPU
		{92CF25D2-371A-48FE-9475-CD239B3D3CEF}.Debug|Any CPU.Build.0 = Debug|Any CPU
		{92CF25D2-371A-48FE-9475-CD239B3D3CEF}.Release|Any CPU.ActiveCfg = Release|Any CPU
		{92CF25D2-371A-48FE-9475-CD239B3D3CEF}.Release|Any CPU.Build.0 = Release|Any CPU
	EndGlobalSection
	GlobalSection(SolutionProperties) = preSolution
		HideSolutionNode = FALSE
	EndGlobalSection
	GlobalSection(ExtensibilityGlobals) = postSolution
		SolutionGuid = {8B47175B-F03A-4CC1-8CC1-1AC3D6250CCF}
	EndGlobalSection
EndGlobal
